Microsoft Visual Studio Solution File, Format Version 12.00
# Visual Studio Version 17
VisualStudioVersion = 17.13.35825.156
MinimumVisualStudioVersion = 10.0.40219.1
Project("{FAE04EC0-301F-11D3-BF4B-00C04F79EFBC}") = "Persona-Alumno-P1", "Persona-Alumno-P1\Persona-Alumno-P1.csproj", "{4F045804-E411-436F-BCC7-A05A36AFD100}"
EndProject
Global
	GlobalSection(SolutionConfigurationPlatforms) = preSolution
		Debug|Any CPU = Debug|Any CPU
		Release|Any CPU = Release|Any CPU
	EndGlobalSection
	GlobalSection(ProjectConfigurationPlatforms) = postSolution
		{4F045804-E411-436F-BCC7-A05A36AFD100}.Debug|Any CPU.ActiveCfg = Debug|Any CPU
		{4F045804-E411-436F-BCC7-A05A36AFD100}.Debug|Any CPU.Build.0 = Debug|Any CPU
		{4F045804-E411-436F-BCC7-A05A36AFD100}.Release|Any CPU.ActiveCfg = Release|Any CPU
		{4F045804-E411-436F-BCC7-A05A36AFD100}.Release|Any CPU.Build.0 = Release|Any CPU
	EndGlobalSection
	GlobalSection(SolutionProperties) = preSolution
		HideSolutionNode = FALSE
	EndGlobalSection
	GlobalSection(ExtensibilityGlobals) = postSolution
		SolutionGuid = {69700976-609D-4B91-A6F2-04F624902028}
	EndGlobalSection
EndGlobal
